
Microsoft Visual Studio Solution File, Format Version 12.00
# Visual Studio Version 17
VisualStudioVersion = 17.8.34408.163
MinimumVisualStudioVersion = 10.0.40219.1
Project("{9A19103F-16F7-4668-BE54-9A1E7A4F7556}") = "GSM.Finance.Dal", "GSM.Finance.Dal\GSM.Finance.Dal.csproj", "{CF2AAD8F-FC99-4EA7-9F41-1B548EC087FB}"
EndProject
Project("{9A19103F-16F7-4668-BE54-9A1E7A4F7556}") = "GSM.Finance.Domain", "GSM.Finance.Domain\GSM.Finance.Domain.csproj", "{82098683-A83D-4541-AD09-A399E602E159}"
EndProject
Project("{9A19103F-16F7-4668-BE54-9A1E7A4F7556}") = "GSM.Finance.API", "GSM.Finance.API\GSM.Finance.API.csproj", "{C73C6007-23A8-46E6-9320-AAEA09B21E53}"
EndProject
Global
	GlobalSection(SolutionConfigurationPlatforms) = preSolution
		Debug|Any CPU = Debug|Any CPU
		Release|Any CPU = Release|Any CPU
	EndGlobalSection
	GlobalSection(ProjectConfigurationPlatforms) = postSolution
		{CF2AAD8F-FC99-4EA7-9F41-1B548EC087FB}.Debug|Any CPU.ActiveCfg = Debug|Any CPU
		{CF2AAD8F-FC99-4EA7-9F41-1B548EC087FB}.Debug|Any CPU.Build.0 = Debug|Any CPU
		{CF2AAD8F-FC99-4EA7-9F41-1B548EC087FB}.Release|Any CPU.ActiveCfg = Release|Any CPU
		{CF2AAD8F-FC99-4EA7-9F41-1B548EC087FB}.Release|Any CPU.Build.0 = Release|Any CPU
		{82098683-A83D-4541-AD09-A399E602E159}.Debug|Any CPU.ActiveCfg = Debug|Any CPU
		{82098683-A83D-4541-AD09-A399E602E159}.Debug|Any CPU.Build.0 = Debug|Any CPU
		{82098683-A83D-4541-AD09-A399E602E159}.Release|Any CPU.ActiveCfg = Release|Any CPU
		{82098683-A83D-4541-AD09-A399E602E159}.Release|Any CPU.Build.0 = Release|Any CPU
		{C73C6007-23A8-46E6-9320-AAEA09B21E53}.Debug|Any CPU.ActiveCfg = Debug|Any CPU
		{C73C6007-23A8-46E6-9320-AAEA09B21E53}.Debug|Any CPU.Build.0 = Debug|Any CPU
		{C73C6007-23A8-46E6-9320-AAEA09B21E53}.Release|Any CPU.ActiveCfg = Release|Any CPU
		{C73C6007-23A8-46E6-9320-AAEA09B21E53}.Release|Any CPU.Build.0 = Release|Any CPU
	EndGlobalSection
	GlobalSection(SolutionProperties) = preSolution
		HideSolutionNode = FALSE
	EndGlobalSection
	GlobalSection(ExtensibilityGlobals) = postSolution
		SolutionGuid = {6F8EF040-F04B-4EA9-BA24-A708C3A1856B}
	EndGlobalSection
EndGlobal
